
Microsoft Visual Studio Solution File, Format Version 12.00
# Visual Studio Version 16
VisualStudioVersion = 16.0.31829.152
MinimumVisualStudioVersion = 10.0.40219.1
Project("{FAE04EC0-301F-11D3-BF4B-00C04F79EFBC}") = "AdventOfCode", "AdventOfCode\AdventOfCode.csproj", "{0BF7FC98-BF35-4BD5-9631-A04DFF65BBD0}"
EndProject
Global
	GlobalSection(SolutionConfigurationPlatforms) = preSolution
		Debug|Any CPU = Debug|Any CPU
		Release|Any CPU = Release|Any CPU
	EndGlobalSection
	GlobalSection(ProjectConfigurationPlatforms) = postSolution
		{0BF7FC98-BF35-4BD5-9631-A04DFF65BBD0}.Debug|Any CPU.ActiveCfg = Debug|Any CPU
		{0BF7FC98-BF35-4BD5-9631-A04DFF65BBD0}.Debug|Any CPU.Build.0 = Debug|Any CPU
		{0BF7FC98-BF35-4BD5-9631-A04DFF65BBD0}.Release|Any CPU.ActiveCfg = Release|Any CPU
		{0BF7FC98-BF35-4BD5-9631-A04DFF65BBD0}.Release|Any CPU.Build.0 = Release|Any CPU
	EndGlobalSection
	GlobalSection(SolutionProperties) = preSolution
		HideSolutionNode = FALSE
	EndGlobalSection
	GlobalSection(ExtensibilityGlobals) = postSolution
		SolutionGuid = {6AF26FC9-4ED5-481D-8BC7-F63DC01BFDD9}
	EndGlobalSection
EndGlobal
